// !$*UTF8*$!
{
	archiveVersion = 1;
	classes = {
	};
	objectVersion = 77;
	objects = {

/* Begin PBXContainerItemProxy section */
		49565AB62D9AC3FC00590139 /* PBXContainerItemProxy */ = {
			isa = PBXContainerItemProxy;
			containerPortal = 49565A9D2D9AC3FA00590139 /* Project object */;
			proxyType = 1;
			remoteGlobalIDString = 49565AA42D9AC3FA00590139;
			remoteInfo = LifeTrackerX;
		};
		49565AC02D9AC3FC00590139 /* PBXContainerItemProxy */ = {
			isa = PBXContainerItemProxy;
			containerPortal = 49565A9D2D9AC3FA00590139 /* Project object */;
			proxyType = 1;
			remoteGlobalIDString = 49565AA42D9AC3FA00590139;
			remoteInfo = LifeTrackerX;
		};
/* End PBXContainerItemProxy section */

/* Begin PBXFileReference section */
		49565AA52D9AC3FA00590139 /* LifeTrackerX.app */ = {isa = PBXFileReference; explicitFileType = wrapper.application; includeInIndex = 0; path = LifeTrackerX.app; sourceTree = BUILT_PRODUCTS_DIR; };
		49565AB52D9AC3FC00590139 /* LifeTrackerXTests.xctest */ = {isa = PBXFileReference; explicitFileType = wrapper.cfbundle; includeInIndex = 0; path = LifeTrackerXTests.xctest; sourceTree = BUILT_PRODUCTS_DIR; };
		49565ABF2D9AC3FC00590139 /* LifeTrackerXUITests.xctest */ = {isa = PBXFileReference; explicitFileType = wrapper.cfbundle; includeInIndex = 0; path = LifeTrackerXUITests.xctest; sourceTree = BUILT_PRODUCTS_DIR; };
/* End PBXFileReference section */

/* Begin PBXFileSystemSynchronizedBuildFileExceptionSet section */
		49FEDF942D9F162E00E7D9B4 /* Exceptions for "LifeTrackerX" folder in "LifeTrackerX" target */ = {
			isa = PBXFileSystemSynchronizedBuildFileExceptionSet;
			membershipExceptions = (
				Info.plist,
			);
			target = 49565AA42D9AC3FA00590139 /* LifeTrackerX */;
		};
/* End PBXFileSystemSynchronizedBuildFileExceptionSet section */

/* Begin PBXFileSystemSynchronizedRootGroup section */
		49565AA72D9AC3FA00590139 /* LifeTrackerX */ = {
			isa = PBXFileSystemSynchronizedRootGroup;
			exceptions = (
				49FEDF942D9F162E00E7D9B4 /* Exceptions for "LifeTrackerX" folder in "LifeTrackerX" target */,
			);
			path = LifeTrackerX;
			sourceTree = "<group>";
		};
		49565AB82D9AC3FC00590139 /* LifeTrackerXTests */ = {
			isa = PBXFileSystemSynchronizedRootGroup;
			path = LifeTrackerXTests;
			sourceTree = "<group>";
		};
		49565AC22D9AC3FC00590139 /* LifeTrackerXUITests */ = {
			isa = PBXFileSystemSynchronizedRootGroup;
			path = LifeTrackerXUITests;
			sourceTree = "<group>";
		};
/* End PBXFileSystemSynchronizedRootGroup section */

/* Begin PBXFrameworksBuildPhase section */
		49565AA22D9AC3FA00590139 /* Frameworks */ = {
			isa = PBXFrameworksBuildPhase;
			buildActionMask = 2147483647;
			files = (
			);
			runOnlyForDeploymentPostprocessing = 0;
		};
		49565AB22D9AC3FC00590139 /* Frameworks */ = {
			isa = PBXFrameworksBuildPhase;
			buildActionMask = 2147483647;
			files = (
			);
			runOnlyForDeploymentPostprocessing = 0;
		};
		49565ABC2D9AC3FC00590139 /* Frameworks */ = {
			isa = PBXFrameworksBuildPhase;
			buildActionMask = 2147483647;
			files = (
			);
			runOnlyForDeploymentPostprocessing = 0;
		};
/* End PBXFrameworksBuildPhase section */

/* Begin PBXGroup section */
		49565A9C2D9AC3FA00590139 = {
			isa = PBXGroup;
			children = (
				49565AA72D9AC3FA00590139 /* LifeTrackerX */,
				49565AB82D9AC3FC00590139 /* LifeTrackerXTests */,
				49565AC22D9AC3FC00590139 /* LifeTrackerXUITests */,
				49565AA62D9AC3FA00590139 /* Products */,
			);
			sourceTree = "<group>";
		};
		49565AA62D9AC3FA00590139 /* Products */ = {
			isa = PBXGroup;
			children = (
				49565AA52D9AC3FA00590139 /* LifeTrackerX.app */,
				49565AB52D9AC3FC00590139 /* LifeTrackerXTests.xctest */,
				49565ABF2D9AC3FC00590139 /* LifeTrackerXUITests.xctest */,
			);
			name = Products;
			sourceTree = "<group>";
		};
/* End PBXGroup section */

/* Begin PBXNativeTarget section */
		49565AA42D9AC3FA00590139 /* LifeTrackerX */ = {
			isa = PBXNativeTarget;
			buildConfigurationList = 49565AC92D9AC3FC00590139 /* Build configuration list for PBXNativeTarget "LifeTrackerX" */;
			buildPhases = (
				49565AA12D9AC3FA00590139 /* Sources */,
				49565AA22D9AC3FA00590139 /* Frameworks */,
				49565AA32D9AC3FA00590139 /* Resources */,
			);
			buildRules = (
			);
			dependencies = (
			);
			fileSystemSynchronizedGroups = (
				49565AA72D9AC3FA00590139 /* LifeTrackerX */,
			);
			name = LifeTrackerX;
			packageProductDependencies = (
			);
			productName = LifeTrackerX;
			productReference = 49565AA52D9AC3FA00590139 /* LifeTrackerX.app */;
			productType = "com.apple.product-type.application";
		};
		49565AB42D9AC3FC00590139 /* LifeTrackerXTests */ = {
			isa = PBXNativeTarget;
			buildConfigurationList = 49565ACC2D9AC3FC00590139 /* Build configuration list for PBXNativeTarget "LifeTrackerXTests" */;
			buildPhases = (
				49565AB12D9AC3FC00590139 /* Sources */,
				49565AB22D9AC3FC00590139 /* Frameworks */,
				49565AB32D9AC3FC00590139 /* Resources */,
			);
			buildRules = (
			);
			dependencies = (
				49565AB72D9AC3FC00590139 /* PBXTargetDependency */,
			);
			fileSystemSynchronizedGroups = (
				49565AB82D9AC3FC00590139 /* LifeTrackerXTests */,
			);
			name = LifeTrackerXTests;
			packageProductDependencies = (
			);
			productName = LifeTrackerXTests;
			productReference = 49565AB52D9AC3FC00590139 /* LifeTrackerXTests.xctest */;
			productType = "com.apple.product-type.bundle.unit-test";
		};
		49565ABE2D9AC3FC00590139 /* LifeTrackerXUITests */ = {
			isa = PBXNativeTarget;
			buildConfigurationList = 49565ACF2D9AC3FC00590139 /* Build configuration list for PBXNativeTarget "LifeTrackerXUITests" */;
			buildPhases = (
				49565ABB2D9AC3FC00590139 /* Sources */,
				49565ABC2D9AC3FC00590139 /* Frameworks */,
				49565ABD2D9AC3FC00590139 /* Resources */,
			);
			buildRules = (
			);
			dependencies = (
				49565AC12D9AC3FC00590139 /* PBXTargetDependency */,
			);
			fileSystemSynchronizedGroups = (
				49565AC22D9AC3FC00590139 /* LifeTrackerXUITests */,
			);
			name = LifeTrackerXUITests;
			packageProductDependencies = (
			);
			productName = LifeTrackerXUITests;
			productReference = 49565ABF2D9AC3FC00590139 /* LifeTrackerXUITests.xctest */;
			productType = "com.apple.product-type.bundle.ui-testing";
		};
/* End PBXNativeTarget section */

/* Begin PBXProject section */
		49565A9D2D9AC3FA00590139 /* Project object */ = {
			isa = PBXProject;
			attributes = {
				BuildIndependentTargetsInParallel = 1;
				LastSwiftUpdateCheck = 1620;
				LastUpgradeCheck = 1620;
				TargetAttributes = {
					49565AA42D9AC3FA00590139 = {
						CreatedOnToolsVersion = 16.2;
					};
					49565AB42D9AC3FC00590139 = {
						CreatedOnToolsVersion = 16.2;
						TestTargetID = 49565AA42D9AC3FA00590139;
					};
					49565ABE2D9AC3FC00590139 = {
						CreatedOnToolsVersion = 16.2;
						TestTargetID = 49565AA42D9AC3FA00590139;
					};
				};
			};
			buildConfigurationList = 49565AA02D9AC3FA00590139 /* Build configuration list for PBXProject "LifeTrackerX" */;
			developmentRegion = en;
			hasScannedForEncodings = 0;
			knownRegions = (
				en,
				Base,
			);
			mainGroup = 49565A9C2D9AC3FA00590139;
			minimizedProjectReferenceProxies = 1;
			preferredProjectObjectVersion = 77;
			productRefGroup = 49565AA62D9AC3FA00590139 /* Products */;
			projectDirPath = "";
			projectRoot = "";
			targets = (
				49565AA42D9AC3FA00590139 /* LifeTrackerX */,
				49565AB42D9AC3FC00590139 /* LifeTrackerXTests */,
				49565ABE2D9AC3FC00590139 /* LifeTrackerXUITests */,
			);
		};
/* End PBXProject section */

/* Begin PBXResourcesBuildPhase section */
		49565AA32D9AC3FA00590139 /* Resources */ = {
			isa = PBXResourcesBuildPhase;
			buildActionMask = 2147483647;
			files = (
			);
			runOnlyForDeploymentPostprocessing = 0;
		};
		49565AB32D9AC3FC00590139 /* Resources */ = {
			isa = PBXResourcesBuildPhase;
			buildActionMask = 2147483647;
			files = (
			);
			runOnlyForDeploymentPostprocessing = 0;
		};
		49565ABD2D9AC3FC00590139 /* Resources */ = {
			isa = PBXResourcesBuildPhase;
			buildActionMask = 2147483647;
			files = (
			);
			runOnlyForDeploymentPostprocessing = 0;
		};
/* End PBXResourcesBuildPhase section */

/* Begin PBXSourcesBuildPhase section */
		49565AA12D9AC3FA00590139 /* Sources */ = {
			isa = PBXSourcesBuildPhase;
			buildActionMask = 2147483647;
			files = (
			);
			runOnlyForDeploymentPostprocessing = 0;
		};
		49565AB12D9AC3FC00590139 /* Sources */ = {
			isa = PBXSourcesBuildPhase;
			buildActionMask = 2147483647;
			files = (
			);
			runOnlyForDeploymentPostprocessing = 0;
		};
		49565ABB2D9AC3FC00590139 /* Sources */ = {
			isa = PBXSourcesBuildPhase;
			buildActionMask = 2147483647;
			files = (
			);
			runOnlyForDeploymentPostprocessing = 0;
		};
/* End PBXSourcesBuildPhase section */

/* Begin PBXTargetDependency section */
		49565AB72D9AC3FC00590139 /* PBXTargetDependency */ = {
			isa = PBXTargetDependency;
			target = 49565AA42D9AC3FA00590139 /* LifeTrackerX */;
			targetProxy = 49565AB62D9AC3FC00590139 /* PBXContainerItemProxy */;
		};
		49565AC12D9AC3FC00590139 /* PBXTargetDependency */ = {
			isa = PBXTargetDependency;
			target = 49565AA42D9AC3FA00590139 /* LifeTrackerX */;
			targetProxy = 49565AC02D9AC3FC00590139 /* PBXContainerItemProxy */;
		};
/* End PBXTargetDependency section */

/* Begin XCBuildConfiguration section */
		49565AC72D9AC3FC00590139 /* Debug */ = {
			isa = XCBuildConfiguration;
			buildSettings = {
				ALWAYS_SEARCH_USER_PATHS = NO;
				ASSETCATALOG_COMPILER_GENERATE_SWIFT_ASSET_SYMBOL_EXTENSIONS = YES;
				CLANG_ANALYZER_NONNULL = YES;
				CLANG_ANALYZER_NUMBER_OBJECT_CONVERSION = YES_AGGRESSIVE;
				CLANG_CXX_LANGUAGE_STANDARD = "gnu++20";
				CLANG_ENABLE_MODULES = YES;
				CLANG_ENABLE_OBJC_ARC = YES;
				CLANG_ENABLE_OBJC_WEAK = YES;
				CLANG_WARN_BLOCK_CAPTURE_AUTORELEASING = YES;
				CLANG_WARN_BOOL_CONVERSION = YES;
				CLANG_WARN_COMMA = YES;
				CLANG_WARN_CONSTANT_CONVERSION = YES;
				CLANG_WARN_DEPRECATED_OBJC_IMPLEMENTATIONS = YES;
				CLANG_WARN_DIRECT_OBJC_ISA_USAGE = YES_ERROR;
				CLANG_WARN_DOCUMENTATION_COMMENTS = YES;
				CLANG_WARN_EMPTY_BODY = YES;
				CLANG_WARN_ENUM_CONVERSION = YES;
				CLANG_WARN_INFINITE_RECURSION = YES;
				CLANG_WARN_INT_CONVERSION = YES;
				CLANG_WARN_NON_LITERAL_NULL_CONVERSION = YES;
				CLANG_WARN_OBJC_IMPLICIT_RETAIN_SELF = YES;
				CLANG_WARN_OBJC_LITERAL_CONVERSION = YES;
				CLANG_WARN_OBJC_ROOT_CLASS = YES_ERROR;
				CLANG_WARN_QUOTED_INCLUDE_IN_FRAMEWORK_HEADER = YES;
				CLANG_WARN_RANGE_LOOP_ANALYSIS = YES;
				CLANG_WARN_STRICT_PROTOTYPES = YES;
				CLANG_WARN_SUSPICIOUS_MOVE = YES;
				CLANG_WARN_UNGUARDED_AVAILABILITY = YES_AGGRESSIVE;
				CLANG_WARN_UNREACHABLE_CODE = YES;
				CLANG_WARN__DUPLICATE_METHOD_MATCH = YES;
				COPY_PHASE_STRIP = NO;
				DEBUG_INFORMATION_FORMAT = dwarf;
				ENABLE_STRICT_OBJC_MSGSEND = YES;
				ENABLE_TESTABILITY = YES;
				ENABLE_USER_SCRIPT_SANDBOXING = YES;
				GCC_C_LANGUAGE_STANDARD = gnu17;
				GCC_DYNAMIC_NO_PIC = NO;
				GCC_NO_COMMON_BLOCKS = YES;
				GCC_OPTIMIZATION_LEVEL = 0;
				GCC_PREPROCESSOR_DEFINITIONS = (
					"DEBUG=1",
					"$(inherited)",
				);
				GCC_WARN_64_TO_32_BIT_CONVERSION = YES;
				GCC_WARN_ABOUT_RETURN_TYPE = YES_ERROR;
				GCC_WARN_UNDECLARED_SELECTOR = YES;
				GCC_WARN_UNINITIALIZED_AUTOS = YES_AGGRESSIVE;
				GCC_WARN_UNUSED_FUNCTION = YES;
				GCC_WARN_UNUSED_VARIABLE = YES;
				INFOPLIST_KEY_NSHealthShareUsageDescription = "";
				IPHONEOS_DEPLOYMENT_TARGET = 18.2;
				LOCALIZATION_PREFERS_STRING_CATALOGS = YES;
				MTL_ENABLE_DEBUG_INFO = INCLUDE_SOURCE;
				MTL_FAST_MATH = YES;
				ONLY_ACTIVE_ARCH = YES;
				SDKROOT = iphoneos;
				SWIFT_ACTIVE_COMPILATION_CONDITIONS = "DEBUG $(inherited)";
				SWIFT_OPTIMIZATION_LEVEL = "-Onone";
			};
			name = Debug;
		};
		49565AC82D9AC3FC00590139 /* Release */ = {
			isa = XCBuildConfiguration;
			buildSettings = {
				ALWAYS_SEARCH_USER_PATHS = NO;
				ASSETCATALOG_COMPILER_GENERATE_SWIFT_ASSET_SYMBOL_EXTENSIONS = YES;
				CLANG_ANALYZER_NONNULL = YES;
				CLANG_ANALYZER_NUMBER_OBJECT_CONVERSION = YES_AGGRESSIVE;
				CLANG_CXX_LANGUAGE_STANDARD = "gnu++20";
				CLANG_ENABLE_MODULES = YES;
				CLANG_ENABLE_OBJC_ARC = YES;
				CLANG_ENABLE_OBJC_WEAK = YES;
				CLANG_WARN_BLOCK_CAPTURE_AUTORELEASING = YES;
				CLANG_WARN_BOOL_CONVERSION = YES;
				CLANG_WARN_COMMA = YES;
				CLANG_WARN_CONSTANT_CONVERSION = YES;
				CLANG_WARN_DEPRECATED_OBJC_IMPLEMENTATIONS = YES;
				CLANG_WARN_DIRECT_OBJC_ISA_USAGE = YES_ERROR;
				CLANG_WARN_DOCUMENTATION_COMMENTS = YES;
				CLANG_WARN_EMPTY_BODY = YES;
				CLANG_WARN_ENUM_CONVERSION = YES;
				CLANG_WARN_INFINITE_RECURSION = YES;
				CLANG_WARN_INT_CONVERSION = YES;
				CLANG_WARN_NON_LITERAL_NULL_CONVERSION = YES;
				CLANG_WARN_OBJC_IMPLICIT_RETAIN_SELF = YES;
				CLANG_WARN_OBJC_LITERAL_CONVERSION = YES;
				CLANG_WARN_OBJC_ROOT_CLASS = YES_ERROR;
				CLANG_WARN_QUOTED_INCLUDE_IN_FRAMEWORK_HEADER = YES;
				CLANG_WARN_RANGE_LOOP_ANALYSIS = YES;
				CLANG_WARN_STRICT_PROTOTYPES = YES;
				CLANG_WARN_SUSPICIOUS_MOVE = YES;
				CLANG_WARN_UNGUARDED_AVAILABILITY = YES_AGGRESSIVE;
				CLANG_WARN_UNREACHABLE_CODE = YES;
				CLANG_WARN__DUPLICATE_METHOD_MATCH = YES;
				COPY_PHASE_STRIP = NO;
				DEBUG_INFORMATION_FORMAT = "dwarf-with-dsym";
				ENABLE_NS_ASSERTIONS = NO;
				ENABLE_STRICT_OBJC_MSGSEND = YES;
				ENABLE_USER_SCRIPT_SANDBOXING = YES;
				GCC_C_LANGUAGE_STANDARD = gnu17;
				GCC_NO_COMMON_BLOCKS = YES;
				GCC_WARN_64_TO_32_BIT_CONVERSION = YES;
				GCC_WARN_ABOUT_RETURN_TYPE = YES_ERROR;
				GCC_WARN_UNDECLARED_SELECTOR = YES;
				GCC_WARN_UNINITIALIZED_AUTOS = YES_AGGRESSIVE;
				GCC_WARN_UNUSED_FUNCTION = YES;
				GCC_WARN_UNUSED_VARIABLE = YES;
				INFOPLIST_KEY_NSHealthShareUsageDescription = "";
				IPHONEOS_DEPLOYMENT_TARGET = 18.2;
				LOCALIZATION_PREFERS_STRING_CATALOGS = YES;
				MTL_ENABLE_DEBUG_INFO = NO;
				MTL_FAST_MATH = YES;
				SDKROOT = iphoneos;
				SWIFT_COMPILATION_MODE = wholemodule;
				VALIDATE_PRODUCT = YES;
			};
			name = Release;
		};
		49565ACA2D9AC3FC00590139 /* Debug */ = {
			isa = XCBuildConfiguration;
			buildSettings = {
				ASSETCATALOG_COMPILER_APPICON_NAME = AppIcon;
				ASSETCATALOG_COMPILER_GLOBAL_ACCENT_COLOR_NAME = AccentColor;
				CODE_SIGN_ENTITLEMENTS = LifeTrackerX/LifeTrackerX.entitlements;
				CODE_SIGN_STYLE = Automatic;
				CURRENT_PROJECT_VERSION = 1;
				DEVELOPMENT_ASSET_PATHS = "\"LifeTrackerX/Preview Content\"";
				DEVELOPMENT_TEAM = S4AJ4WBQ76;
				ENABLE_PREVIEWS = YES;
				GENERATE_INFOPLIST_FILE = YES;
				INFOPLIST_FILE = LifeTrackerX/Info.plist;
				INFOPLIST_KEY_NSHealthShareUsageDescription = "This app needs access to your health data to track your fitness progress and provide personalized insights.\nThis app needs access to your health data to track your fitness progress and provide personalized insights.\n\nasThis app needs access to your health data to track your fitness progress and provide personalized insights.\n\nThis app needs access to your health data to track your fitness progress and provide personalized insights.";
				INFOPLIST_KEY_NSHealthUpdateUsageDescription = "This app needs permission to save your measurements to Apple Health to keep your data in sync.\n\n";
				INFOPLIST_KEY_UIApplicationSceneManifest_Generation = YES;
				INFOPLIST_KEY_UIApplicationSupportsIndirectInputEvents = YES;
				INFOPLIST_KEY_UILaunchScreen_Generation = YES;
				INFOPLIST_KEY_UISupportedInterfaceOrientations_iPad = "UIInterfaceOrientationPortrait UIInterfaceOrientationPortraitUpsideDown UIInterfaceOrientationLandscapeLeft UIInterfaceOrientationLandscapeRight";
				INFOPLIST_KEY_UISupportedInterfaceOrientations_iPhone = "UIInterfaceOrientationPortrait UIInterfaceOrientationLandscapeLeft UIInterfaceOrientationLandscapeRight";
				IPHONEOS_DEPLOYMENT_TARGET = 17.6;
				LD_RUNPATH_SEARCH_PATHS = (
					"$(inherited)",
					"@executable_path/Frameworks",
				);
				MARKETING_VERSION = 1.0;
				PRODUCT_BUNDLE_IDENTIFIER = com.31b4.LifeTrackerX;
				PRODUCT_NAME = "$(TARGET_NAME)";
				SWIFT_EMIT_LOC_STRINGS = YES;
				SWIFT_VERSION = 5.0;
				TARGETED_DEVICE_FAMILY = "1,2";
			};
			name = Debug;
		};
		49565ACB2D9AC3FC00590139 /* Release */ = {
			isa = XCBuildConfiguration;
			buildSettings = {
				ASSETCATALOG_COMPILER_APPICON_NAME = AppIcon;
				ASSETCATALOG_COMPILER_GLOBAL_ACCENT_COLOR_NAME = AccentColor;
				CODE_SIGN_ENTITLEMENTS = LifeTrackerX/LifeTrackerX.entitlements;
				CODE_SIGN_STYLE = Automatic;
				CURRENT_PROJECT_VERSION = 1;
				DEVELOPMENT_ASSET_PATHS = "\"LifeTrackerX/Preview Content\"";
				DEVELOPMENT_TEAM = S4AJ4WBQ76;
				ENABLE_PREVIEWS = YES;
				GENERATE_INFOPLIST_FILE = YES;
				INFOPLIST_FILE = LifeTrackerX/Info.plist;
				INFOPLIST_KEY_NSHealthShareUsageDescription = "This app needs access to your health data to track your fitness progress and provide personalized insights.\nThis app needs access to your health data to track your fitness progress and provide personalized insights.\n\nasThis app needs access to your health data to track your fitness progress and provide personalized insights.\n\nThis app needs access to your health data to track your fitness progress and provide personalized insights.";
				INFOPLIST_KEY_NSHealthUpdateUsageDescription = "This app needs permission to save your measurements to Apple Health to keep your data in sync.\n\n";
				INFOPLIST_KEY_UIApplicationSceneManifest_Generation = YES;
				INFOPLIST_KEY_UIApplicationSupportsIndirectInputEvents = YES;
				INFOPLIST_KEY_UILaunchScreen_Generation = YES;
				INFOPLIST_KEY_UISupportedInterfaceOrientations_iPad = "UIInterfaceOrientationPortrait UIInterfaceOrientationPortraitUpsideDown UIInterfaceOrientationLandscapeLeft UIInterfaceOrientationLandscapeRight";
				INFOPLIST_KEY_UISupportedInterfaceOrientations_iPhone = "UIInterfaceOrientationPortrait UIInterfaceOrientationLandscapeLeft UIInterfaceOrientationLandscapeRight";
				IPHONEOS_DEPLOYMENT_TARGET = 17.6;
				LD_RUNPATH_SEARCH_PATHS = (
					"$(inherited)",
					"@executable_path/Frameworks",
				);
				MARKETING_VERSION = 1.0;
				PRODUCT_BUNDLE_IDENTIFIER = com.31b4.LifeTrackerX;
				PRODUCT_NAME = "$(TARGET_NAME)";
				SWIFT_EMIT_LOC_STRINGS = YES;
				SWIFT_VERSION = 5.0;
				TARGETED_DEVICE_FAMILY = "1,2";
			};
			name = Release;
		};
		49565ACD2D9AC3FC00590139 /* Debug */ = {
			isa = XCBuildConfiguration;
			buildSettings = {
				BUNDLE_LOADER = "$(TEST_HOST)";
				CODE_SIGN_STYLE = Automatic;
				CURRENT_PROJECT_VERSION = 1;
				DEVELOPMENT_TEAM = S4AJ4WBQ76;
				GENERATE_INFOPLIST_FILE = YES;
				IPHONEOS_DEPLOYMENT_TARGET = 18.2;
				MARKETING_VERSION = 1.0;
				PRODUCT_BUNDLE_IDENTIFIER = com.31b4.LifeTrackerXTests;
				PRODUCT_NAME = "$(TARGET_NAME)";
				SWIFT_EMIT_LOC_STRINGS = NO;
				SWIFT_VERSION = 5.0;
				TARGETED_DEVICE_FAMILY = "1,2";
				TEST_HOST = "$(BUILT_PRODUCTS_DIR)/LifeTrackerX.app/$(BUNDLE_EXECUTABLE_FOLDER_PATH)/LifeTrackerX";
			};
			name = Debug;
		};
		49565ACE2D9AC3FC00590139 /* Release */ = {
			isa = XCBuildConfiguration;
			buildSettings = {
				BUNDLE_LOADER = "$(TEST_HOST)";
				CODE_SIGN_STYLE = Automatic;
				CURRENT_PROJECT_VERSION = 1;
				DEVELOPMENT_TEAM = S4AJ4WBQ76;
				GENERATE_INFOPLIST_FILE = YES;
				IPHONEOS_DEPLOYMENT_TARGET = 18.2;
				MARKETING_VERSION = 1.0;
				PRODUCT_BUNDLE_IDENTIFIER = com.31b4.LifeTrackerXTests;
				PRODUCT_NAME = "$(TARGET_NAME)";
				SWIFT_EMIT_LOC_STRINGS = NO;
				SWIFT_VERSION = 5.0;
				TARGETED_DEVICE_FAMILY = "1,2";
				TEST_HOST = "$(BUILT_PRODUCTS_DIR)/LifeTrackerX.app/$(BUNDLE_EXECUTABLE_FOLDER_PATH)/LifeTrackerX";
			};
			name = Release;
		};
		49565AD02D9AC3FC00590139 /* Debug */ = {
			isa = XCBuildConfiguration;
			buildSettings = {
				CODE_SIGN_STYLE = Automatic;
				CURRENT_PROJECT_VERSION = 1;
				DEVELOPMENT_TEAM = S4AJ4WBQ76;
				GENERATE_INFOPLIST_FILE = YES;
				MARKETING_VERSION = 1.0;
				PRODUCT_BUNDLE_IDENTIFIER = com.31b4.LifeTrackerXUITests;
				PRODUCT_NAME = "$(TARGET_NAME)";
				SWIFT_EMIT_LOC_STRINGS = NO;
				SWIFT_VERSION = 5.0;
				TARGETED_DEVICE_FAMILY = "1,2";
				TEST_TARGET_NAME = LifeTrackerX;
			};
			name = Debug;
		};
		49565AD12D9AC3FC00590139 /* Release */ = {
			isa = XCBuildConfiguration;
			buildSettings = {
				CODE_SIGN_STYLE = Automatic;
				CURRENT_PROJECT_VERSION = 1;
				DEVELOPMENT_TEAM = S4AJ4WBQ76;
				GENERATE_INFOPLIST_FILE = YES;
				MARKETING_VERSION = 1.0;
				PRODUCT_BUNDLE_IDENTIFIER = com.31b4.LifeTrackerXUITests;
				PRODUCT_NAME = "$(TARGET_NAME)";
				SWIFT_EMIT_LOC_STRINGS = NO;
				SWIFT_VERSION = 5.0;
				TARGETED_DEVICE_FAMILY = "1,2";
				TEST_TARGET_NAME = LifeTrackerX;
			};
			name = Release;
		};
/* End XCBuildConfiguration section */

/* Begin XCConfigurationList section */
		49565AA02D9AC3FA00590139 /* Build configuration list for PBXProject "LifeTrackerX" */ = {
			isa = XCConfigurationList;
			buildConfigurations = (
				49565AC72D9AC3FC00590139 /* Debug */,
				49565AC82D9AC3FC00590139 /* Release */,
			);
			defaultConfigurationIsVisible = 0;
			defaultConfigurationName = Release;
		};
		49565AC92D9AC3FC00590139 /* Build configuration list for PBXNativeTarget "LifeTrackerX" */ = {
			isa = XCConfigurationList;
			buildConfigurations = (
				49565ACA2D9AC3FC00590139 /* Debug */,
				49565ACB2D9AC3FC00590139 /* Release */,
			);
			defaultConfigurationIsVisible = 0;
			defaultConfigurationName = Release;
		};
		49565ACC2D9AC3FC00590139 /* Build configuration list for PBXNativeTarget "LifeTrackerXTests" */ = {
			isa = XCConfigurationList;
			buildConfigurations = (
				49565ACD2D9AC3FC00590139 /* Debug */,
				49565ACE2D9AC3FC00590139 /* Release */,
			);
			defaultConfigurationIsVisible = 0;
			defaultConfigurationName = Release;
		};
		49565ACF2D9AC3FC00590139 /* Build configuration list for PBXNativeTarget "LifeTrackerXUITests" */ = {
			isa = XCConfigurationList;
			buildConfigurations = (
				49565AD02D9AC3FC00590139 /* Debug */,
				49565AD12D9AC3FC00590139 /* Release */,
			);
			defaultConfigurationIsVisible = 0;
			defaultConfigurationName = Release;
		};
/* End XCConfigurationList section */
	};
	rootObject = 49565A9D2D9AC3FA00590139 /* Project object */;
}
